{
  "name": "custom_tensorboard_plugin",
  "lockfileVersion": 2,
  "requires": true,
  "packages": {
    "": {
      "dependencies": {
        "plotly.js-dist": "^2.15.1"
      }
    },
    "node_modules/plotly.js-dist": {
      "version": "2.15.1",
      "resolved": "https://registry.npmjs.org/plotly.js-dist/-/plotly.js-dist-2.15.1.tgz",
      "integrity": "sha512-nuiN+yFz+d/ZNPg3HEhnbUbjsnf69WYprXbrDwp5VHRX09/bssOOgTjSm4qXUiujqz+0lz/KOIbsQd650lXPDw=="
    }
  },
  "dependencies": {
    "plotly.js-dist": {
      "version": "2.15.1",
      "resolved": "https://registry.npmjs.org/plotly.js-dist/-/plotly.js-dist-2.15.1.tgz",
      "integrity": "sha512-nuiN+yFz+d/ZNPg3HEhnbUbjsnf69WYprXbrDwp5VHRX09/bssOOgTjSm4qXUiujqz+0lz/KOIbsQd650lXPDw=="
    }
  }
}
